{
  "name": "esm-issue",
  "version": "1.0.0",
  "lockfileVersion": 1,
  "requires": true,
  "dependencies": {
    "esm": {
      "version": "3.2.21",
      "resolved": "https://registry.npmjs.org/esm/-/esm-3.2.21.tgz",
      "integrity": "sha512-DkNi6jYtrT/FdO8pPEH+GFtBE321T3nup8FWdgaYpzaf4tK6aVJiCfgxNotZjEbnZ32t2VEtqIfbjp5GBN65Nw=="
    },
    "find-parent-dir": {
      "version": "0.3.0",
      "resolved": "https://registry.npmjs.org/find-parent-dir/-/find-parent-dir-0.3.0.tgz",
      "integrity": "sha1-M8RLQpqysvBkYpnF+fcY83b/jVQ="
    }
  }
}
